// !$*UTF8*$!
{
	archiveVersion = 1;
	classes = {
	};
	objectVersion = 51;
	objects = {

/* Begin PBXBuildFile section */
		2205646F57F250A2D29CDF15 /* Pods_YWeatherUITests.framework in Frameworks */ = {isa = PBXBuildFile; fileRef = CDC916D7B303BD65D08E6B9D /* Pods_YWeatherUITests.framework */; };
		49923BAB72B49DB563145CE3 /* Pods_YWeather.framework in Frameworks */ = {isa = PBXBuildFile; fileRef = 2CAA8D88FC1829C8F794187B /* Pods_YWeather.framework */; };
		9DAB6437F0B2C0D6D60E7126 /* Pods_YWeatherTests.framework in Frameworks */ = {isa = PBXBuildFile; fileRef = B64BBFA8B0A08C0EF7226387 /* Pods_YWeatherTests.framework */; };
		E1A5AF9C247524AE009110B4 /* AppDelegate.swift in Sources */ = {isa = PBXBuildFile; fileRef = E1A5AF9B247524AE009110B4 /* AppDelegate.swift */; };
		E1A5AF9E247524AE009110B4 /* SceneDelegate.swift in Sources */ = {isa = PBXBuildFile; fileRef = E1A5AF9D247524AE009110B4 /* SceneDelegate.swift */; };
		E1A5AFA0247524AE009110B4 /* MainViewController.swift in Sources */ = {isa = PBXBuildFile; fileRef = E1A5AF9F247524AE009110B4 /* MainViewController.swift */; };
		E1A5AFA5247524B0009110B4 /* Assets.xcassets in Resources */ = {isa = PBXBuildFile; fileRef = E1A5AFA4247524B0009110B4 /* Assets.xcassets */; };
		E1A5AFA8247524B0009110B4 /* LaunchScreen.storyboard in Resources */ = {isa = PBXBuildFile; fileRef = E1A5AFA6247524B0009110B4 /* LaunchScreen.storyboard */; };
		E1A5AFB3247524B0009110B4 /* YWeatherTests.swift in Sources */ = {isa = PBXBuildFile; fileRef = E1A5AFB2247524B0009110B4 /* YWeatherTests.swift */; };
		E1A5AFBE247524B0009110B4 /* YWeatherUITests.swift in Sources */ = {isa = PBXBuildFile; fileRef = E1A5AFBD247524B0009110B4 /* YWeatherUITests.swift */; };
		E1A5AFCF24752FC9009110B4 /* HeaderView.swift in Sources */ = {isa = PBXBuildFile; fileRef = E1A5AFCE24752FC9009110B4 /* HeaderView.swift */; };
		E1A5AFD124753D4D009110B4 /* CollectionViewCell.swift in Sources */ = {isa = PBXBuildFile; fileRef = E1A5AFD024753D4D009110B4 /* CollectionViewCell.swift */; };
		E1A5AFE02475543A009110B4 /* UIImageView+load.swift in Sources */ = {isa = PBXBuildFile; fileRef = E1A5AFDF2475543A009110B4 /* UIImageView+load.swift */; };
		E1A5AFE22475560B009110B4 /* TemperatureChartView.swift in Sources */ = {isa = PBXBuildFile; fileRef = E1A5AFE12475560B009110B4 /* TemperatureChartView.swift */; };
		E1A5AFE4247556C2009110B4 /* ChartXAxisFormatter+String.swift in Sources */ = {isa = PBXBuildFile; fileRef = E1A5AFE3247556C2009110B4 /* ChartXAxisFormatter+String.swift */; };
		E1A5AFE6247563E4009110B4 /* WeatherDaysCollectionView.swift in Sources */ = {isa = PBXBuildFile; fileRef = E1A5AFE5247563E4009110B4 /* WeatherDaysCollectionView.swift */; };
		E1A5AFE92475705D009110B4 /* CityModel.swift in Sources */ = {isa = PBXBuildFile; fileRef = E1A5AFE82475705D009110B4 /* CityModel.swift */; };
		E1A5AFEB24757934009110B4 /* SegmentControlRange.swift in Sources */ = {isa = PBXBuildFile; fileRef = E1A5AFEA24757934009110B4 /* SegmentControlRange.swift */; };
		E1A5AFED2475796F009110B4 /* WeatherDataModel.swift in Sources */ = {isa = PBXBuildFile; fileRef = E1A5AFEC2475796F009110B4 /* WeatherDataModel.swift */; };
		E1A5AFF024757A48009110B4 /* NetworkRequestService.swift in Sources */ = {isa = PBXBuildFile; fileRef = E1A5AFEF24757A48009110B4 /* NetworkRequestService.swift */; };
		E1A5AFF224758242009110B4 /* Constants.swift in Sources */ = {isa = PBXBuildFile; fileRef = E1A5AFF124758242009110B4 /* Constants.swift */; };
		E1A5AFF42475878E009110B4 /* Utils.swift in Sources */ = {isa = PBXBuildFile; fileRef = E1A5AFF32475878E009110B4 /* Utils.swift */; };
		E1A5AFF72475884A009110B4 /* IObserverProtocol.swift in Sources */ = {isa = PBXBuildFile; fileRef = E1A5AFF62475884A009110B4 /* IObserverProtocol.swift */; };
		E1A5AFF92475A82C009110B4 /* CaseIterable+Index.swift in Sources */ = {isa = PBXBuildFile; fileRef = E1A5AFF82475A82C009110B4 /* CaseIterable+Index.swift */; };
		E1A5AFFD247653CA009110B4 /* ISegmentControlProtocol.swift in Sources */ = {isa = PBXBuildFile; fileRef = E1A5AFFC247653CA009110B4 /* ISegmentControlProtocol.swift */; };
		E1A5AFFF2476590F009110B4 /* LocalDatabaseService.swift in Sources */ = {isa = PBXBuildFile; fileRef = E1A5AFFE2476590F009110B4 /* LocalDatabaseService.swift */; };
		E1A5B00124769B45009110B4 /* DataObjectProvider.swift in Sources */ = {isa = PBXBuildFile; fileRef = E1A5B00024769B45009110B4 /* DataObjectProvider.swift */; };
/* End PBXBuildFile section */

/* Begin PBXContainerItemProxy section */
		E1A5AFAF247524B0009110B4 /* PBXContainerItemProxy */ = {
			isa = PBXContainerItemProxy;
			containerPortal = E1A5AF90247524AE009110B4 /* Project object */;
			proxyType = 1;
			remoteGlobalIDString = E1A5AF97247524AE009110B4;
			remoteInfo = YWeather;
		};
		E1A5AFBA247524B0009110B4 /* PBXContainerItemProxy */ = {
			isa = PBXContainerItemProxy;
			containerPortal = E1A5AF90247524AE009110B4 /* Project object */;
			proxyType = 1;
			remoteGlobalIDString = E1A5AF97247524AE009110B4;
			remoteInfo = YWeather;
		};
/* End PBXContainerItemProxy section */

/* Begin PBXFileReference section */
		2CAA8D88FC1829C8F794187B /* Pods_YWeather.framework */ = {isa = PBXFileReference; explicitFileType = wrapper.framework; includeInIndex = 0; path = Pods_YWeather.framework; sourceTree = BUILT_PRODUCTS_DIR; };
		3385B0F1CDBF2D2C2D81A019 /* Pods-YWeather.release.xcconfig */ = {isa = PBXFileReference; includeInIndex = 1; lastKnownFileType = text.xcconfig; name = "Pods-YWeather.release.xcconfig"; path = "Target Support Files/Pods-YWeather/Pods-YWeather.release.xcconfig"; sourceTree = "<group>"; };
		400ECBEE93610B5AC35C7D3E /* Pods-YWeatherUITests.debug.xcconfig */ = {isa = PBXFileReference; includeInIndex = 1; lastKnownFileType = text.xcconfig; name = "Pods-YWeatherUITests.debug.xcconfig"; path = "Target Support Files/Pods-YWeatherUITests/Pods-YWeatherUITests.debug.xcconfig"; sourceTree = "<group>"; };
		5830853384174B66621CA837 /* Pods-YWeather.debug.xcconfig */ = {isa = PBXFileReference; includeInIndex = 1; lastKnownFileType = text.xcconfig; name = "Pods-YWeather.debug.xcconfig"; path = "Target Support Files/Pods-YWeather/Pods-YWeather.debug.xcconfig"; sourceTree = "<group>"; };
		6B5F61BCCA8790ADD3DB16FF /* Pods-YWeatherTests.release.xcconfig */ = {isa = PBXFileReference; includeInIndex = 1; lastKnownFileType = text.xcconfig; name = "Pods-YWeatherTests.release.xcconfig"; path = "Target Support Files/Pods-YWeatherTests/Pods-YWeatherTests.release.xcconfig"; sourceTree = "<group>"; };
		747152EE11AC89B8813E1C41 /* Pods-YWeatherUITests.release.xcconfig */ = {isa = PBXFileReference; includeInIndex = 1; lastKnownFileType = text.xcconfig; name = "Pods-YWeatherUITests.release.xcconfig"; path = "Target Support Files/Pods-YWeatherUITests/Pods-YWeatherUITests.release.xcconfig"; sourceTree = "<group>"; };
		A9B99F6E7E285202AB4E1119 /* Pods-YWeatherTests.debug.xcconfig */ = {isa = PBXFileReference; includeInIndex = 1; lastKnownFileType = text.xcconfig; name = "Pods-YWeatherTests.debug.xcconfig"; path = "Target Support Files/Pods-YWeatherTests/Pods-YWeatherTests.debug.xcconfig"; sourceTree = "<group>"; };
		B64BBFA8B0A08C0EF7226387 /* Pods_YWeatherTests.framework */ = {isa = PBXFileReference; explicitFileType = wrapper.framework; includeInIndex = 0; path = Pods_YWeatherTests.framework; sourceTree = BUILT_PRODUCTS_DIR; };
		CDC916D7B303BD65D08E6B9D /* Pods_YWeatherUITests.framework */ = {isa = PBXFileReference; explicitFileType = wrapper.framework; includeInIndex = 0; path = Pods_YWeatherUITests.framework; sourceTree = BUILT_PRODUCTS_DIR; };
		E1A5AF98247524AE009110B4 /* YWeather.app */ = {isa = PBXFileReference; explicitFileType = wrapper.application; includeInIndex = 0; path = YWeather.app; sourceTree = BUILT_PRODUCTS_DIR; };
		E1A5AF9B247524AE009110B4 /* AppDelegate.swift */ = {isa = PBXFileReference; lastKnownFileType = sourcecode.swift; path = AppDelegate.swift; sourceTree = "<group>"; };
		E1A5AF9D247524AE009110B4 /* SceneDelegate.swift */ = {isa = PBXFileReference; lastKnownFileType = sourcecode.swift; path = SceneDelegate.swift; sourceTree = "<group>"; };
		E1A5AF9F247524AE009110B4 /* MainViewController.swift */ = {isa = PBXFileReference; lastKnownFileType = sourcecode.swift; path = MainViewController.swift; sourceTree = "<group>"; };
		E1A5AFA4247524B0009110B4 /* Assets.xcassets */ = {isa = PBXFileReference; lastKnownFileType = folder.assetcatalog; path = Assets.xcassets; sourceTree = "<group>"; };
		E1A5AFA7247524B0009110B4 /* Base */ = {isa = PBXFileReference; lastKnownFileType = file.storyboard; name = Base; path = Base.lproj/LaunchScreen.storyboard; sourceTree = "<group>"; };
		E1A5AFA9247524B0009110B4 /* Info.plist */ = {isa = PBXFileReference; lastKnownFileType = text.plist.xml; path = Info.plist; sourceTree = "<group>"; };
		E1A5AFAE247524B0009110B4 /* YWeatherTests.xctest */ = {isa = PBXFileReference; explicitFileType = wrapper.cfbundle; includeInIndex = 0; path = YWeatherTests.xctest; sourceTree = BUILT_PRODUCTS_DIR; };
		E1A5AFB2247524B0009110B4 /* YWeatherTests.swift */ = {isa = PBXFileReference; lastKnownFileType = sourcecode.swift; path = YWeatherTests.swift; sourceTree = "<group>"; };
		E1A5AFB4247524B0009110B4 /* Info.plist */ = {isa = PBXFileReference; lastKnownFileType = text.plist.xml; path = Info.plist; sourceTree = "<group>"; };
		E1A5AFB9247524B0009110B4 /* YWeatherUITests.xctest */ = {isa = PBXFileReference; explicitFileType = wrapper.cfbundle; includeInIndex = 0; path = YWeatherUITests.xctest; sourceTree = BUILT_PRODUCTS_DIR; };
		E1A5AFBD247524B0009110B4 /* YWeatherUITests.swift */ = {isa = PBXFileReference; lastKnownFileType = sourcecode.swift; path = YWeatherUITests.swift; sourceTree = "<group>"; };
		E1A5AFBF247524B0009110B4 /* Info.plist */ = {isa = PBXFileReference; lastKnownFileType = text.plist.xml; path = Info.plist; sourceTree = "<group>"; };
		E1A5AFCE24752FC9009110B4 /* HeaderView.swift */ = {isa = PBXFileReference; lastKnownFileType = sourcecode.swift; path = HeaderView.swift; sourceTree = "<group>"; };
		E1A5AFD024753D4D009110B4 /* CollectionViewCell.swift */ = {isa = PBXFileReference; lastKnownFileType = sourcecode.swift; path = CollectionViewCell.swift; sourceTree = "<group>"; };
		E1A5AFDF2475543A009110B4 /* UIImageView+load.swift */ = {isa = PBXFileReference; lastKnownFileType = sourcecode.swift; path = "UIImageView+load.swift"; sourceTree = "<group>"; };
		E1A5AFE12475560B009110B4 /* TemperatureChartView.swift */ = {isa = PBXFileReference; lastKnownFileType = sourcecode.swift; path = TemperatureChartView.swift; sourceTree = "<group>"; };
		E1A5AFE3247556C2009110B4 /* ChartXAxisFormatter+String.swift */ = {isa = PBXFileReference; lastKnownFileType = sourcecode.swift; path = "ChartXAxisFormatter+String.swift"; sourceTree = "<group>"; };
		E1A5AFE5247563E4009110B4 /* WeatherDaysCollectionView.swift */ = {isa = PBXFileReference; lastKnownFileType = sourcecode.swift; path = WeatherDaysCollectionView.swift; sourceTree = "<group>"; };
		E1A5AFE82475705D009110B4 /* CityModel.swift */ = {isa = PBXFileReference; lastKnownFileType = sourcecode.swift; path = CityModel.swift; sourceTree = "<group>"; };
		E1A5AFEA24757934009110B4 /* SegmentControlRange.swift */ = {isa = PBXFileReference; lastKnownFileType = sourcecode.swift; path = SegmentControlRange.swift; sourceTree = "<group>"; };
		E1A5AFEC2475796F009110B4 /* WeatherDataModel.swift */ = {isa = PBXFileReference; lastKnownFileType = sourcecode.swift; path = WeatherDataModel.swift; sourceTree = "<group>"; };
		E1A5AFEF24757A48009110B4 /* NetworkRequestService.swift */ = {isa = PBXFileReference; lastKnownFileType = sourcecode.swift; path = NetworkRequestService.swift; sourceTree = "<group>"; };
		E1A5AFF124758242009110B4 /* Constants.swift */ = {isa = PBXFileReference; lastKnownFileType = sourcecode.swift; path = Constants.swift; sourceTree = "<group>"; };
		E1A5AFF32475878E009110B4 /* Utils.swift */ = {isa = PBXFileReference; lastKnownFileType = sourcecode.swift; path = Utils.swift; sourceTree = "<group>"; };
		E1A5AFF62475884A009110B4 /* IObserverProtocol.swift */ = {isa = PBXFileReference; lastKnownFileType = sourcecode.swift; path = IObserverProtocol.swift; sourceTree = "<group>"; };
		E1A5AFF82475A82C009110B4 /* CaseIterable+Index.swift */ = {isa = PBXFileReference; lastKnownFileType = sourcecode.swift; path = "CaseIterable+Index.swift"; sourceTree = "<group>"; };
		E1A5AFFC247653CA009110B4 /* ISegmentControlProtocol.swift */ = {isa = PBXFileReference; lastKnownFileType = sourcecode.swift; path = ISegmentControlProtocol.swift; sourceTree = "<group>"; };
		E1A5AFFE2476590F009110B4 /* LocalDatabaseService.swift */ = {isa = PBXFileReference; lastKnownFileType = sourcecode.swift; path = LocalDatabaseService.swift; sourceTree = "<group>"; };
		E1A5B00024769B45009110B4 /* DataObjectProvider.swift */ = {isa = PBXFileReference; lastKnownFileType = sourcecode.swift; path = DataObjectProvider.swift; sourceTree = "<group>"; };
/* End PBXFileReference section */

/* Begin PBXFrameworksBuildPhase section */
		E1A5AF95247524AE009110B4 /* Frameworks */ = {
			isa = PBXFrameworksBuildPhase;
			buildActionMask = 2147483647;
			files = (
				49923BAB72B49DB563145CE3 /* Pods_YWeather.framework in Frameworks */,
			);
			runOnlyForDeploymentPostprocessing = 0;
		};
		E1A5AFAB247524B0009110B4 /* Frameworks */ = {
			isa = PBXFrameworksBuildPhase;
			buildActionMask = 2147483647;
			files = (
				9DAB6437F0B2C0D6D60E7126 /* Pods_YWeatherTests.framework in Frameworks */,
			);
			runOnlyForDeploymentPostprocessing = 0;
		};
		E1A5AFB6247524B0009110B4 /* Frameworks */ = {
			isa = PBXFrameworksBuildPhase;
			buildActionMask = 2147483647;
			files = (
				2205646F57F250A2D29CDF15 /* Pods_YWeatherUITests.framework in Frameworks */,
			);
			runOnlyForDeploymentPostprocessing = 0;
		};
/* End PBXFrameworksBuildPhase section */

/* Begin PBXGroup section */
		6483F30143D5D6C627481466 /* Pods */ = {
			isa = PBXGroup;
			children = (
				5830853384174B66621CA837 /* Pods-YWeather.debug.xcconfig */,
				3385B0F1CDBF2D2C2D81A019 /* Pods-YWeather.release.xcconfig */,
				A9B99F6E7E285202AB4E1119 /* Pods-YWeatherTests.debug.xcconfig */,
				6B5F61BCCA8790ADD3DB16FF /* Pods-YWeatherTests.release.xcconfig */,
				400ECBEE93610B5AC35C7D3E /* Pods-YWeatherUITests.debug.xcconfig */,
				747152EE11AC89B8813E1C41 /* Pods-YWeatherUITests.release.xcconfig */,
			);
			path = Pods;
			sourceTree = "<group>";
		};
		A188636056243140C96C0192 /* Frameworks */ = {
			isa = PBXGroup;
			children = (
				2CAA8D88FC1829C8F794187B /* Pods_YWeather.framework */,
				B64BBFA8B0A08C0EF7226387 /* Pods_YWeatherTests.framework */,
				CDC916D7B303BD65D08E6B9D /* Pods_YWeatherUITests.framework */,
			);
			name = Frameworks;
			sourceTree = "<group>";
		};
		E1A5AF8F247524AE009110B4 = {
			isa = PBXGroup;
			children = (
				E1A5AF9A247524AE009110B4 /* YWeather */,
				E1A5AFB1247524B0009110B4 /* YWeatherTests */,
				E1A5AFBC247524B0009110B4 /* YWeatherUITests */,
				E1A5AF99247524AE009110B4 /* Products */,
				6483F30143D5D6C627481466 /* Pods */,
				A188636056243140C96C0192 /* Frameworks */,
			);
			sourceTree = "<group>";
		};
		E1A5AF99247524AE009110B4 /* Products */ = {
			isa = PBXGroup;
			children = (
				E1A5AF98247524AE009110B4 /* YWeather.app */,
				E1A5AFAE247524B0009110B4 /* YWeatherTests.xctest */,
				E1A5AFB9247524B0009110B4 /* YWeatherUITests.xctest */,
			);
			name = Products;
			sourceTree = "<group>";
		};
		E1A5AF9A247524AE009110B4 /* YWeather */ = {
			isa = PBXGroup;
			children = (
				E1A5AFF524758831009110B4 /* Protocols */,
				E1A5AFEE247579D5009110B4 /* Services */,
				E1A5AFE72475704C009110B4 /* Models */,
				E1A5AFDE247553F7009110B4 /* Extensions */,
				E1A5AFCD24752F9E009110B4 /* Views */,
				E1A5AF9B247524AE009110B4 /* AppDelegate.swift */,
				E1A5AF9D247524AE009110B4 /* SceneDelegate.swift */,
				E1A5AFF124758242009110B4 /* Constants.swift */,
				E1A5AFF32475878E009110B4 /* Utils.swift */,
				E1A5AF9F247524AE009110B4 /* MainViewController.swift */,
				E1A5AFA4247524B0009110B4 /* Assets.xcassets */,
				E1A5AFA6247524B0009110B4 /* LaunchScreen.storyboard */,
				E1A5AFA9247524B0009110B4 /* Info.plist */,
			);
			path = YWeather;
			sourceTree = "<group>";
		};
		E1A5AFB1247524B0009110B4 /* YWeatherTests */ = {
			isa = PBXGroup;
			children = (
				E1A5AFB2247524B0009110B4 /* YWeatherTests.swift */,
				E1A5AFB4247524B0009110B4 /* Info.plist */,
			);
			path = YWeatherTests;
			sourceTree = "<group>";
		};
		E1A5AFBC247524B0009110B4 /* YWeatherUITests */ = {
			isa = PBXGroup;
			children = (
				E1A5AFBD247524B0009110B4 /* YWeatherUITests.swift */,
				E1A5AFBF247524B0009110B4 /* Info.plist */,
			);
			path = YWeatherUITests;
			sourceTree = "<group>";
		};
		E1A5AFCD24752F9E009110B4 /* Views */ = {
			isa = PBXGroup;
			children = (
				E1A5AFCE24752FC9009110B4 /* HeaderView.swift */,
				E1A5AFD024753D4D009110B4 /* CollectionViewCell.swift */,
				E1A5AFE12475560B009110B4 /* TemperatureChartView.swift */,
				E1A5AFE5247563E4009110B4 /* WeatherDaysCollectionView.swift */,
			);
			path = Views;
			sourceTree = "<group>";
		};
		E1A5AFDE247553F7009110B4 /* Extensions */ = {
			isa = PBXGroup;
			children = (
				E1A5AFDF2475543A009110B4 /* UIImageView+load.swift */,
				E1A5AFE3247556C2009110B4 /* ChartXAxisFormatter+String.swift */,
				E1A5AFF82475A82C009110B4 /* CaseIterable+Index.swift */,
			);
			path = Extensions;
			sourceTree = "<group>";
		};
		E1A5AFE72475704C009110B4 /* Models */ = {
			isa = PBXGroup;
			children = (
				E1A5AFE82475705D009110B4 /* CityModel.swift */,
				E1A5AFEA24757934009110B4 /* SegmentControlRange.swift */,
				E1A5AFEC2475796F009110B4 /* WeatherDataModel.swift */,
			);
			path = Models;
			sourceTree = "<group>";
		};
		E1A5AFEE247579D5009110B4 /* Services */ = {
			isa = PBXGroup;
			children = (
				E1A5AFEF24757A48009110B4 /* NetworkRequestService.swift */,
				E1A5AFFE2476590F009110B4 /* LocalDatabaseService.swift */,
				E1A5B00024769B45009110B4 /* DataObjectProvider.swift */,
			);
			path = Services;
			sourceTree = "<group>";
		};
		E1A5AFF524758831009110B4 /* Protocols */ = {
			isa = PBXGroup;
			children = (
				E1A5AFF62475884A009110B4 /* IObserverProtocol.swift */,
				E1A5AFFC247653CA009110B4 /* ISegmentControlProtocol.swift */,
			);
			path = Protocols;
			sourceTree = "<group>";
		};
/* End PBXGroup section */

/* Begin PBXNativeTarget section */
		E1A5AF97247524AE009110B4 /* YWeather */ = {
			isa = PBXNativeTarget;
			buildConfigurationList = E1A5AFC2247524B0009110B4 /* Build configuration list for PBXNativeTarget "YWeather" */;
			buildPhases = (
				325ACD38F008A5602DD7204B /* [CP] Check Pods Manifest.lock */,
				E1A5AF94247524AE009110B4 /* Sources */,
				E1A5AF95247524AE009110B4 /* Frameworks */,
				E1A5AF96247524AE009110B4 /* Resources */,
				E0FF22E721D883EAF1D44990 /* [CP] Embed Pods Frameworks */,
			);
			buildRules = (
			);
			dependencies = (
			);
			name = YWeather;
			productName = YWeather;
			productReference = E1A5AF98247524AE009110B4 /* YWeather.app */;
			productType = "com.apple.product-type.application";
		};
		E1A5AFAD247524B0009110B4 /* YWeatherTests */ = {
			isa = PBXNativeTarget;
			buildConfigurationList = E1A5AFC5247524B0009110B4 /* Build configuration list for PBXNativeTarget "YWeatherTests" */;
			buildPhases = (
				02ACA5D087EC7CDE03D5D3A5 /* [CP] Check Pods Manifest.lock */,
				E1A5AFAA247524B0009110B4 /* Sources */,
				E1A5AFAB247524B0009110B4 /* Frameworks */,
				E1A5AFAC247524B0009110B4 /* Resources */,
			);
			buildRules = (
			);
			dependencies = (
				E1A5AFB0247524B0009110B4 /* PBXTargetDependency */,
			);
			name = YWeatherTests;
			productName = YWeatherTests;
			productReference = E1A5AFAE247524B0009110B4 /* YWeatherTests.xctest */;
			productType = "com.apple.product-type.bundle.unit-test";
		};
		E1A5AFB8247524B0009110B4 /* YWeatherUITests */ = {
			isa = PBXNativeTarget;
			buildConfigurationList = E1A5AFC8247524B0009110B4 /* Build configuration list for PBXNativeTarget "YWeatherUITests" */;
			buildPhases = (
				F6DC6ACF2D5FAEFEEEDE712D /* [CP] Check Pods Manifest.lock */,
				E1A5AFB5247524B0009110B4 /* Sources */,
				E1A5AFB6247524B0009110B4 /* Frameworks */,
				E1A5AFB7247524B0009110B4 /* Resources */,
			);
			buildRules = (
			);
			dependencies = (
				E1A5AFBB247524B0009110B4 /* PBXTargetDependency */,
			);
			name = YWeatherUITests;
			productName = YWeatherUITests;
			productReference = E1A5AFB9247524B0009110B4 /* YWeatherUITests.xctest */;
			productType = "com.apple.product-type.bundle.ui-testing";
		};
/* End PBXNativeTarget section */

/* Begin PBXProject section */
		E1A5AF90247524AE009110B4 /* Project object */ = {
			isa = PBXProject;
			attributes = {
				LastSwiftUpdateCheck = 1140;
				LastUpgradeCheck = 1140;
				ORGANIZATIONNAME = tonny;
				TargetAttributes = {
					E1A5AF97247524AE009110B4 = {
						CreatedOnToolsVersion = 11.4;
					};
					E1A5AFAD247524B0009110B4 = {
						CreatedOnToolsVersion = 11.4;
						TestTargetID = E1A5AF97247524AE009110B4;
					};
					E1A5AFB8247524B0009110B4 = {
						CreatedOnToolsVersion = 11.4;
						TestTargetID = E1A5AF97247524AE009110B4;
					};
				};
			};
			buildConfigurationList = E1A5AF93247524AE009110B4 /* Build configuration list for PBXProject "YWeather" */;
			compatibilityVersion = "Xcode 9.3";
			developmentRegion = en;
			hasScannedForEncodings = 0;
			knownRegions = (
				en,
				Base,
			);
			mainGroup = E1A5AF8F247524AE009110B4;
			productRefGroup = E1A5AF99247524AE009110B4 /* Products */;
			projectDirPath = "";
			projectRoot = "";
			targets = (
				E1A5AF97247524AE009110B4 /* YWeather */,
				E1A5AFAD247524B0009110B4 /* YWeatherTests */,
				E1A5AFB8247524B0009110B4 /* YWeatherUITests */,
			);
		};
/* End PBXProject section */

/* Begin PBXResourcesBuildPhase section */
		E1A5AF96247524AE009110B4 /* Resources */ = {
			isa = PBXResourcesBuildPhase;
			buildActionMask = 2147483647;
			files = (
				E1A5AFA8247524B0009110B4 /* LaunchScreen.storyboard in Resources */,
				E1A5AFA5247524B0009110B4 /* Assets.xcassets in Resources */,
			);
			runOnlyForDeploymentPostprocessing = 0;
		};
		E1A5AFAC247524B0009110B4 /* Resources */ = {
			isa = PBXResourcesBuildPhase;
			buildActionMask = 2147483647;
			files = (
			);
			runOnlyForDeploymentPostprocessing = 0;
		};
		E1A5AFB7247524B0009110B4 /* Resources */ = {
			isa = PBXResourcesBuildPhase;
			buildActionMask = 2147483647;
			files = (
			);
			runOnlyForDeploymentPostprocessing = 0;
		};
/* End PBXResourcesBuildPhase section */

/* Begin PBXShellScriptBuildPhase section */
		02ACA5D087EC7CDE03D5D3A5 /* [CP] Check Pods Manifest.lock */ = {
			isa = PBXShellScriptBuildPhase;
			buildActionMask = 2147483647;
			files = (
			);
			inputFileListPaths = (
			);
			inputPaths = (
				"${PODS_PODFILE_DIR_PATH}/Podfile.lock",
				"${PODS_ROOT}/Manifest.lock",
			);
			name = "[CP] Check Pods Manifest.lock";
			outputFileListPaths = (
			);
			outputPaths = (
				"$(DERIVED_FILE_DIR)/Pods-YWeatherTests-checkManifestLockResult.txt",
			);
			runOnlyForDeploymentPostprocessing = 0;
			shellPath = /bin/sh;
			shellScript = "diff \"${PODS_PODFILE_DIR_PATH}/Podfile.lock\" \"${PODS_ROOT}/Manifest.lock\" > /dev/null\nif [ $? != 0 ] ; then\n    # print error to STDERR\n    echo \"error: The sandbox is not in sync with the Podfile.lock. Run 'pod install' or update your CocoaPods installation.\" >&2\n    exit 1\nfi\n# This output is used by Xcode 'outputs' to avoid re-running this script phase.\necho \"SUCCESS\" > \"${SCRIPT_OUTPUT_FILE_0}\"\n";
			showEnvVarsInLog = 0;
		};
		325ACD38F008A5602DD7204B /* [CP] Check Pods Manifest.lock */ = {
			isa = PBXShellScriptBuildPhase;
			buildActionMask = 2147483647;
			files = (
			);
			inputFileListPaths = (
			);
			inputPaths = (
				"${PODS_PODFILE_DIR_PATH}/Podfile.lock",
				"${PODS_ROOT}/Manifest.lock",
			);
			name = "[CP] Check Pods Manifest.lock";
			outputFileListPaths = (
			);
			outputPaths = (
				"$(DERIVED_FILE_DIR)/Pods-YWeather-checkManifestLockResult.txt",
			);
			runOnlyForDeploymentPostprocessing = 0;
			shellPath = /bin/sh;
			shellScript = "diff \"${PODS_PODFILE_DIR_PATH}/Podfile.lock\" \"${PODS_ROOT}/Manifest.lock\" > /dev/null\nif [ $? != 0 ] ; then\n    # print error to STDERR\n    echo \"error: The sandbox is not in sync with the Podfile.lock. Run 'pod install' or update your CocoaPods installation.\" >&2\n    exit 1\nfi\n# This output is used by Xcode 'outputs' to avoid re-running this script phase.\necho \"SUCCESS\" > \"${SCRIPT_OUTPUT_FILE_0}\"\n";
			showEnvVarsInLog = 0;
		};
		E0FF22E721D883EAF1D44990 /* [CP] Embed Pods Frameworks */ = {
			isa = PBXShellScriptBuildPhase;
			buildActionMask = 2147483647;
			files = (
			);
			inputFileListPaths = (
				"${PODS_ROOT}/Target Support Files/Pods-YWeather/Pods-YWeather-frameworks-${CONFIGURATION}-input-files.xcfilelist",
			);
			name = "[CP] Embed Pods Frameworks";
			outputFileListPaths = (
				"${PODS_ROOT}/Target Support Files/Pods-YWeather/Pods-YWeather-frameworks-${CONFIGURATION}-output-files.xcfilelist",
			);
			runOnlyForDeploymentPostprocessing = 0;
			shellPath = /bin/sh;
			shellScript = "\"${PODS_ROOT}/Target Support Files/Pods-YWeather/Pods-YWeather-frameworks.sh\"\n";
			showEnvVarsInLog = 0;
		};
		F6DC6ACF2D5FAEFEEEDE712D /* [CP] Check Pods Manifest.lock */ = {
			isa = PBXShellScriptBuildPhase;
			buildActionMask = 2147483647;
			files = (
			);
			inputFileListPaths = (
			);
			inputPaths = (
				"${PODS_PODFILE_DIR_PATH}/Podfile.lock",
				"${PODS_ROOT}/Manifest.lock",
			);
			name = "[CP] Check Pods Manifest.lock";
			outputFileListPaths = (
			);
			outputPaths = (
				"$(DERIVED_FILE_DIR)/Pods-YWeatherUITests-checkManifestLockResult.txt",
			);
			runOnlyForDeploymentPostprocessing = 0;
			shellPath = /bin/sh;
			shellScript = "diff \"${PODS_PODFILE_DIR_PATH}/Podfile.lock\" \"${PODS_ROOT}/Manifest.lock\" > /dev/null\nif [ $? != 0 ] ; then\n    # print error to STDERR\n    echo \"error: The sandbox is not in sync with the Podfile.lock. Run 'pod install' or update your CocoaPods installation.\" >&2\n    exit 1\nfi\n# This output is used by Xcode 'outputs' to avoid re-running this script phase.\necho \"SUCCESS\" > \"${SCRIPT_OUTPUT_FILE_0}\"\n";
			showEnvVarsInLog = 0;
		};
/* End PBXShellScriptBuildPhase section */

/* Begin PBXSourcesBuildPhase section */
		E1A5AF94247524AE009110B4 /* Sources */ = {
			isa = PBXSourcesBuildPhase;
			buildActionMask = 2147483647;
			files = (
				E1A5AFE92475705D009110B4 /* CityModel.swift in Sources */,
				E1A5AFE4247556C2009110B4 /* ChartXAxisFormatter+String.swift in Sources */,
				E1A5AFD124753D4D009110B4 /* CollectionViewCell.swift in Sources */,
				E1A5AFA0247524AE009110B4 /* MainViewController.swift in Sources */,
				E1A5AFE02475543A009110B4 /* UIImageView+load.swift in Sources */,
				E1A5AFF72475884A009110B4 /* IObserverProtocol.swift in Sources */,
				E1A5AFF42475878E009110B4 /* Utils.swift in Sources */,
				E1A5AFE6247563E4009110B4 /* WeatherDaysCollectionView.swift in Sources */,
				E1A5AF9C247524AE009110B4 /* AppDelegate.swift in Sources */,
				E1A5AF9E247524AE009110B4 /* SceneDelegate.swift in Sources */,
				E1A5AFED2475796F009110B4 /* WeatherDataModel.swift in Sources */,
				E1A5AFEB24757934009110B4 /* SegmentControlRange.swift in Sources */,
				E1A5AFE22475560B009110B4 /* TemperatureChartView.swift in Sources */,
				E1A5AFF224758242009110B4 /* Constants.swift in Sources */,
				E1A5AFCF24752FC9009110B4 /* HeaderView.swift in Sources */,
				E1A5B00124769B45009110B4 /* DataObjectProvider.swift in Sources */,
				E1A5AFF92475A82C009110B4 /* CaseIterable+Index.swift in Sources */,
				E1A5AFFF2476590F009110B4 /* LocalDatabaseService.swift in Sources */,
				E1A5AFF024757A48009110B4 /* NetworkRequestService.swift in Sources */,
				E1A5AFFD247653CA009110B4 /* ISegmentControlProtocol.swift in Sources */,
			);
			runOnlyForDeploymentPostprocessing = 0;
		};
		E1A5AFAA247524B0009110B4 /* Sources */ = {
			isa = PBXSourcesBuildPhase;
			buildActionMask = 2147483647;
			files = (
				E1A5AFB3247524B0009110B4 /* YWeatherTests.swift in Sources */,
			);
			runOnlyForDeploymentPostprocessing = 0;
		};
		E1A5AFB5247524B0009110B4 /* Sources */ = {
			isa = PBXSourcesBuildPhase;
			buildActionMask = 2147483647;
			files = (
				E1A5AFBE247524B0009110B4 /* YWeatherUITests.swift in Sources */,
			);
			runOnlyForDeploymentPostprocessing = 0;
		};
/* End PBXSourcesBuildPhase section */

/* Begin PBXTargetDependency section */
		E1A5AFB0247524B0009110B4 /* PBXTargetDependency */ = {
			isa = PBXTargetDependency;
			target = E1A5AF97247524AE009110B4 /* YWeather */;
			targetProxy = E1A5AFAF247524B0009110B4 /* PBXContainerItemProxy */;
		};
		E1A5AFBB247524B0009110B4 /* PBXTargetDependency */ = {
			isa = PBXTargetDependency;
			target = E1A5AF97247524AE009110B4 /* YWeather */;
			targetProxy = E1A5AFBA247524B0009110B4 /* PBXContainerItemProxy */;
		};
/* End PBXTargetDependency section */

/* Begin PBXVariantGroup section */
		E1A5AFA6247524B0009110B4 /* LaunchScreen.storyboard */ = {
			isa = PBXVariantGroup;
			children = (
				E1A5AFA7247524B0009110B4 /* Base */,
			);
			name = LaunchScreen.storyboard;
			sourceTree = "<group>";
		};
/* End PBXVariantGroup section */

/* Begin XCBuildConfiguration section */
		E1A5AFC0247524B0009110B4 /* Debug */ = {
			isa = XCBuildConfiguration;
			buildSettings = {
				ALWAYS_SEARCH_USER_PATHS = NO;
				CLANG_ANALYZER_NONNULL = YES;
				CLANG_ANALYZER_NUMBER_OBJECT_CONVERSION = YES_AGGRESSIVE;
				CLANG_CXX_LANGUAGE_STANDARD = "gnu++14";
				CLANG_CXX_LIBRARY = "libc++";
				CLANG_ENABLE_MODULES = YES;
				CLANG_ENABLE_OBJC_ARC = YES;
				CLANG_ENABLE_OBJC_WEAK = YES;
				CLANG_WARN_BLOCK_CAPTURE_AUTORELEASING = YES;
				CLANG_WARN_BOOL_CONVERSION = YES;
				CLANG_WARN_COMMA = YES;
				CLANG_WARN_CONSTANT_CONVERSION = YES;
				CLANG_WARN_DEPRECATED_OBJC_IMPLEMENTATIONS = YES;
				CLANG_WARN_DIRECT_OBJC_ISA_USAGE = YES_ERROR;
				CLANG_WARN_DOCUMENTATION_COMMENTS = YES;
				CLANG_WARN_EMPTY_BODY = YES;
				CLANG_WARN_ENUM_CONVERSION = YES;
				CLANG_WARN_INFINITE_RECURSION = YES;
				CLANG_WARN_INT_CONVERSION = YES;
				CLANG_WARN_NON_LITERAL_NULL_CONVERSION = YES;
				CLANG_WARN_OBJC_IMPLICIT_RETAIN_SELF = YES;
				CLANG_WARN_OBJC_LITERAL_CONVERSION = YES;
				CLANG_WARN_OBJC_ROOT_CLASS = YES_ERROR;
				CLANG_WARN_RANGE_LOOP_ANALYSIS = YES;
				CLANG_WARN_STRICT_PROTOTYPES = YES;
				CLANG_WARN_SUSPICIOUS_MOVE = YES;
				CLANG_WARN_UNGUARDED_AVAILABILITY = YES_AGGRESSIVE;
				CLANG_WARN_UNREACHABLE_CODE = YES;
				CLANG_WARN__DUPLICATE_METHOD_MATCH = YES;
				COPY_PHASE_STRIP = NO;
				DEBUG_INFORMATION_FORMAT = dwarf;
				ENABLE_STRICT_OBJC_MSGSEND = YES;
				ENABLE_TESTABILITY = YES;
				GCC_C_LANGUAGE_STANDARD = gnu11;
				GCC_DYNAMIC_NO_PIC = NO;
				GCC_NO_COMMON_BLOCKS = YES;
				GCC_OPTIMIZATION_LEVEL = 0;
				GCC_PREPROCESSOR_DEFINITIONS = (
					"DEBUG=1",
					"$(inherited)",
				);
				GCC_WARN_64_TO_32_BIT_CONVERSION = YES;
				GCC_WARN_ABOUT_RETURN_TYPE = YES_ERROR;
				GCC_WARN_UNDECLARED_SELECTOR = YES;
				GCC_WARN_UNINITIALIZED_AUTOS = YES_AGGRESSIVE;
				GCC_WARN_UNUSED_FUNCTION = YES;
				GCC_WARN_UNUSED_VARIABLE = YES;
				IPHONEOS_DEPLOYMENT_TARGET = 12.1;
				MTL_ENABLE_DEBUG_INFO = INCLUDE_SOURCE;
				MTL_FAST_MATH = YES;
				ONLY_ACTIVE_ARCH = YES;
				SDKROOT = iphoneos;
				SWIFT_ACTIVE_COMPILATION_CONDITIONS = DEBUG;
				SWIFT_OPTIMIZATION_LEVEL = "-Onone";
			};
			name = Debug;
		};
		E1A5AFC1247524B0009110B4 /* Release */ = {
			isa = XCBuildConfiguration;
			buildSettings = {
				ALWAYS_SEARCH_USER_PATHS = NO;
				CLANG_ANALYZER_NONNULL = YES;
				CLANG_ANALYZER_NUMBER_OBJECT_CONVERSION = YES_AGGRESSIVE;
				CLANG_CXX_LANGUAGE_STANDARD = "gnu++14";
				CLANG_CXX_LIBRARY = "libc++";
				CLANG_ENABLE_MODULES = YES;
				CLANG_ENABLE_OBJC_ARC = YES;
				CLANG_ENABLE_OBJC_WEAK = YES;
				CLANG_WARN_BLOCK_CAPTURE_AUTORELEASING = YES;
				CLANG_WARN_BOOL_CONVERSION = YES;
				CLANG_WARN_COMMA = YES;
				CLANG_WARN_CONSTANT_CONVERSION = YES;
				CLANG_WARN_DEPRECATED_OBJC_IMPLEMENTATIONS = YES;
				CLANG_WARN_DIRECT_OBJC_ISA_USAGE = YES_ERROR;
				CLANG_WARN_DOCUMENTATION_COMMENTS = YES;
				CLANG_WARN_EMPTY_BODY = YES;
				CLANG_WARN_ENUM_CONVERSION = YES;
				CLANG_WARN_INFINITE_RECURSION = YES;
				CLANG_WARN_INT_CONVERSION = YES;
				CLANG_WARN_NON_LITERAL_NULL_CONVERSION = YES;
				CLANG_WARN_OBJC_IMPLICIT_RETAIN_SELF = YES;
				CLANG_WARN_OBJC_LITERAL_CONVERSION = YES;
				CLANG_WARN_OBJC_ROOT_CLASS = YES_ERROR;
				CLANG_WARN_RANGE_LOOP_ANALYSIS = YES;
				CLANG_WARN_STRICT_PROTOTYPES = YES;
				CLANG_WARN_SUSPICIOUS_MOVE = YES;
				CLANG_WARN_UNGUARDED_AVAILABILITY = YES_AGGRESSIVE;
				CLANG_WARN_UNREACHABLE_CODE = YES;
				CLANG_WARN__DUPLICATE_METHOD_MATCH = YES;
				COPY_PHASE_STRIP = NO;
				DEBUG_INFORMATION_FORMAT = "dwarf-with-dsym";
				ENABLE_NS_ASSERTIONS = NO;
				ENABLE_STRICT_OBJC_MSGSEND = YES;
				GCC_C_LANGUAGE_STANDARD = gnu11;
				GCC_NO_COMMON_BLOCKS = YES;
				GCC_WARN_64_TO_32_BIT_CONVERSION = YES;
				GCC_WARN_ABOUT_RETURN_TYPE = YES_ERROR;
				GCC_WARN_UNDECLARED_SELECTOR = YES;
				GCC_WARN_UNINITIALIZED_AUTOS = YES_AGGRESSIVE;
				GCC_WARN_UNUSED_FUNCTION = YES;
				GCC_WARN_UNUSED_VARIABLE = YES;
				IPHONEOS_DEPLOYMENT_TARGET = 12.1;
				MTL_ENABLE_DEBUG_INFO = NO;
				MTL_FAST_MATH = YES;
				SDKROOT = iphoneos;
				SWIFT_COMPILATION_MODE = wholemodule;
				SWIFT_OPTIMIZATION_LEVEL = "-O";
				VALIDATE_PRODUCT = YES;
			};
			name = Release;
		};
		E1A5AFC3247524B0009110B4 /* Debug */ = {
			isa = XCBuildConfiguration;
			baseConfigurationReference = 5830853384174B66621CA837 /* Pods-YWeather.debug.xcconfig */;
			buildSettings = {
				ASSETCATALOG_COMPILER_APPICON_NAME = AppIcon;
				CODE_SIGN_STYLE = Automatic;
				DEVELOPMENT_TEAM = ASGYAXMZNR;
				INFOPLIST_FILE = YWeather/Info.plist;
				IPHONEOS_DEPLOYMENT_TARGET = 12.1;
				LD_RUNPATH_SEARCH_PATHS = (
					"$(inherited)",
					"@executable_path/Frameworks",
				);
				PRODUCT_BUNDLE_IDENTIFIER = com.YWeather;
				PRODUCT_NAME = "$(TARGET_NAME)";
				SWIFT_VERSION = 5.0;
				TARGETED_DEVICE_FAMILY = "1,2";
			};
			name = Debug;
		};
		E1A5AFC4247524B0009110B4 /* Release */ = {
			isa = XCBuildConfiguration;
			baseConfigurationReference = 3385B0F1CDBF2D2C2D81A019 /* Pods-YWeather.release.xcconfig */;
			buildSettings = {
				ASSETCATALOG_COMPILER_APPICON_NAME = AppIcon;
				CODE_SIGN_STYLE = Automatic;
				DEVELOPMENT_TEAM = ASGYAXMZNR;
				INFOPLIST_FILE = YWeather/Info.plist;
				IPHONEOS_DEPLOYMENT_TARGET = 12.1;
				LD_RUNPATH_SEARCH_PATHS = (
					"$(inherited)",
					"@executable_path/Frameworks",
				);
				PRODUCT_BUNDLE_IDENTIFIER = com.YWeather;
				PRODUCT_NAME = "$(TARGET_NAME)";
				SWIFT_VERSION = 5.0;
				TARGETED_DEVICE_FAMILY = "1,2";
			};
			name = Release;
		};
		E1A5AFC6247524B0009110B4 /* Debug */ = {
			isa = XCBuildConfiguration;
			baseConfigurationReference = A9B99F6E7E285202AB4E1119 /* Pods-YWeatherTests.debug.xcconfig */;
			buildSettings = {
				ALWAYS_EMBED_SWIFT_STANDARD_LIBRARIES = YES;
				BUNDLE_LOADER = "$(TEST_HOST)";
				CODE_SIGN_STYLE = Automatic;
				DEVELOPMENT_TEAM = ASGYAXMZNR;
				INFOPLIST_FILE = YWeatherTests/Info.plist;
				IPHONEOS_DEPLOYMENT_TARGET = 13.4;
				LD_RUNPATH_SEARCH_PATHS = (
					"$(inherited)",
					"@executable_path/Frameworks",
					"@loader_path/Frameworks",
				);
				PRODUCT_BUNDLE_IDENTIFIER = com.YWeatherTests;
				PRODUCT_NAME = "$(TARGET_NAME)";
				SWIFT_VERSION = 5.0;
				TARGETED_DEVICE_FAMILY = "1,2";
				TEST_HOST = "$(BUILT_PRODUCTS_DIR)/YWeather.app/YWeather";
			};
			name = Debug;
		};
		E1A5AFC7247524B0009110B4 /* Release */ = {
			isa = XCBuildConfiguration;
			baseConfigurationReference = 6B5F61BCCA8790ADD3DB16FF /* Pods-YWeatherTests.release.xcconfig */;
			buildSettings = {
				ALWAYS_EMBED_SWIFT_STANDARD_LIBRARIES = YES;
				BUNDLE_LOADER = "$(TEST_HOST)";
				CODE_SIGN_STYLE = Automatic;
				DEVELOPMENT_TEAM = ASGYAXMZNR;
				INFOPLIST_FILE = YWeatherTests/Info.plist;
				IPHONEOS_DEPLOYMENT_TARGET = 13.4;
				LD_RUNPATH_SEARCH_PATHS = (
					"$(inherited)",
					"@executable_path/Frameworks",
					"@loader_path/Frameworks",
				);
				PRODUCT_BUNDLE_IDENTIFIER = com.YWeatherTests;
				PRODUCT_NAME = "$(TARGET_NAME)";
				SWIFT_VERSION = 5.0;
				TARGETED_DEVICE_FAMILY = "1,2";
				TEST_HOST = "$(BUILT_PRODUCTS_DIR)/YWeather.app/YWeather";
			};
			name = Release;
		};
		E1A5AFC9247524B0009110B4 /* Debug */ = {
			isa = XCBuildConfiguration;
			baseConfigurationReference = 400ECBEE93610B5AC35C7D3E /* Pods-YWeatherUITests.debug.xcconfig */;
			buildSettings = {
				ALWAYS_EMBED_SWIFT_STANDARD_LIBRARIES = YES;
				CODE_SIGN_STYLE = Automatic;
				DEVELOPMENT_TEAM = ASGYAXMZNR;
				INFOPLIST_FILE = YWeatherUITests/Info.plist;
				LD_RUNPATH_SEARCH_PATHS = (
					"$(inherited)",
					"@executable_path/Frameworks",
					"@loader_path/Frameworks",
				);
				PRODUCT_BUNDLE_IDENTIFIER = com.YWeatherUITests;
				PRODUCT_NAME = "$(TARGET_NAME)";
				SWIFT_VERSION = 5.0;
				TARGETED_DEVICE_FAMILY = "1,2";
				TEST_TARGET_NAME = YWeather;
			};
			name = Debug;
		};
		E1A5AFCA247524B0009110B4 /* Release */ = {
			isa = XCBuildConfiguration;
			baseConfigurationReference = 747152EE11AC89B8813E1C41 /* Pods-YWeatherUITests.release.xcconfig */;
			buildSettings = {
				ALWAYS_EMBED_SWIFT_STANDARD_LIBRARIES = YES;
				CODE_SIGN_STYLE = Automatic;
				DEVELOPMENT_TEAM = ASGYAXMZNR;
				INFOPLIST_FILE = YWeatherUITests/Info.plist;
				LD_RUNPATH_SEARCH_PATHS = (
					"$(inherited)",
					"@executable_path/Frameworks",
					"@loader_path/Frameworks",
				);
				PRODUCT_BUNDLE_IDENTIFIER = com.YWeatherUITests;
				PRODUCT_NAME = "$(TARGET_NAME)";
				SWIFT_VERSION = 5.0;
				TARGETED_DEVICE_FAMILY = "1,2";
				TEST_TARGET_NAME = YWeather;
			};
			name = Release;
		};
/* End XCBuildConfiguration section */

/* Begin XCConfigurationList section */
		E1A5AF93247524AE009110B4 /* Build configuration list for PBXProject "YWeather" */ = {
			isa = XCConfigurationList;
			buildConfigurations = (
				E1A5AFC0247524B0009110B4 /* Debug */,
				E1A5AFC1247524B0009110B4 /* Release */,
			);
			defaultConfigurationIsVisible = 0;
			defaultConfigurationName = Release;
		};
		E1A5AFC2247524B0009110B4 /* Build configuration list for PBXNativeTarget "YWeather" */ = {
			isa = XCConfigurationList;
			buildConfigurations = (
				E1A5AFC3247524B0009110B4 /* Debug */,
				E1A5AFC4247524B0009110B4 /* Release */,
			);
			defaultConfigurationIsVisible = 0;
			defaultConfigurationName = Release;
		};
		E1A5AFC5247524B0009110B4 /* Build configuration list for PBXNativeTarget "YWeatherTests" */ = {
			isa = XCConfigurationList;
			buildConfigurations = (
				E1A5AFC6247524B0009110B4 /* Debug */,
				E1A5AFC7247524B0009110B4 /* Release */,
			);
			defaultConfigurationIsVisible = 0;
			defaultConfigurationName = Release;
		};
		E1A5AFC8247524B0009110B4 /* Build configuration list for PBXNativeTarget "YWeatherUITests" */ = {
			isa = XCConfigurationList;
			buildConfigurations = (
				E1A5AFC9247524B0009110B4 /* Debug */,
				E1A5AFCA247524B0009110B4 /* Release */,
			);
			defaultConfigurationIsVisible = 0;
			defaultConfigurationName = Release;
		};
/* End XCConfigurationList section */
	};
	rootObject = E1A5AF90247524AE009110B4 /* Project object */;
}
